
Microsoft Visual Studio Solution File, Format Version 12.00
# Visual Studio 15
VisualStudioVersion = 15.0.28307.960
MinimumVisualStudioVersion = 10.0.40219.1
Project("{FAE04EC0-301F-11D3-BF4B-00C04F79EFBC}") = "Fb2Kindle", "Fb2Kindle\Fb2Kindle.csproj", "{B1A04494-7ADA-4513-AD6F-895EC66F81EB}"
EndProject
Global
	GlobalSection(SolutionConfigurationPlatforms) = preSolution
		Debug|Any CPU = Debug|Any CPU
		Release|Any CPU = Release|Any CPU
	EndGlobalSection
	GlobalSection(ProjectConfigurationPlatforms) = postSolution
		{B1A04494-7ADA-4513-AD6F-895EC66F81EB}.Debug|Any CPU.ActiveCfg = Debug|Any CPU
		{B1A04494-7ADA-4513-AD6F-895EC66F81EB}.Debug|Any CPU.Build.0 = Debug|Any CPU
		{B1A04494-7ADA-4513-AD6F-895EC66F81EB}.Release|Any CPU.ActiveCfg = Release|Any CPU
		{B1A04494-7ADA-4513-AD6F-895EC66F81EB}.Release|Any CPU.Build.0 = Release|Any CPU
	EndGlobalSection
	GlobalSection(SolutionProperties) = preSolution
		HideSolutionNode = FALSE
	EndGlobalSection
	GlobalSection(ExtensibilityGlobals) = postSolution
		SolutionGuid = {D278CCA0-637A-4946-A9BC-34B53E617269}
	EndGlobalSection
EndGlobal
